{
  "version": 4,
  "terraform_version": "0.12.26",
  "serial": 4,
  "lineage": "e6afc8f9-4055-2ed4-41cf-0bdafc522012",
  "outputs": {
    "customer_name": {
      "value": "iwasterraformedatsatyahome06",
      "type": "string"
    },
    "user0_guid": {
      "value": "8484dedd-b207-486f-b6fd-31a2a9904d80",
      "type": "string"
    }
  },
  "resources": [
    {
      "mode": "managed",
      "type": "zixar_customer",
      "name": "customer0",
      "provider": "provider.zixar",
      "instances": [
        {
          "schema_version": 0,
          "attributes": {
            "customerid": "c2905a6a-523a-4a0a-81e5-ac27d3034806",
            "id": "c2905a6a-523a-4a0a-81e5-ac27d3034806",
            "name": "iwasterraformedatsatyahome06"
          },
          "private": "bnVsbA=="
        }
      ]
    },
    {
      "mode": "managed",
      "type": "zixar_user",
      "name": "user0",
      "provider": "provider.zixar",
      "instances": [
        {
          "schema_version": 0,
          "attributes": {
            "email": "melissa@satya.home",
            "firstname": "melissa",
            "id": "melissa@satya.home",
            "lastname": "satyanarayana",
            "middlename": "k",
            "nauticalcustomerid": "c2905a6a-523a-4a0a-81e5-ac27d3034806",
            "useraccountid": "8484dedd-b207-486f-b6fd-31a2a9904d80"
          },
          "private": "bnVsbA==",
          "dependencies": [
            "zixar_customer.customer0"
          ]
        }
      ]
    },
    {
      "mode": "managed",
      "type": "zixar_user",
      "name": "user1",
      "provider": "provider.zixar",
      "instances": [
        {
          "schema_version": 0,
          "attributes": {
            "email": "avi@satya.home",
            "firstname": "a",
            "id": "avi@satya.home",
            "lastname": "satyanarayana",
            "middlename": null,
            "nauticalcustomerid": "c2905a6a-523a-4a0a-81e5-ac27d3034806",
            "useraccountid": "0690fab0-f568-4f66-bc5f-d9ede6c88a30"
          },
          "private": "bnVsbA==",
          "dependencies": [
            "zixar_customer.customer0"
          ]
        }
      ]
    }
  ]
}
